
Microsoft Visual Studio Solution File, Format Version 12.00
# Visual Studio 15
VisualStudioVersion = 15.0.28307.902
MinimumVisualStudioVersion = 10.0.40219.1
Project("{FAE04EC0-301F-11D3-BF4B-00C04F79EFBC}") = "KursMuseum", "KursMuseum\KursMuseum.csproj", "{67312F9A-B8F9-4E4E-8167-6C0DDCF1A008}"
EndProject
Global
	GlobalSection(SolutionConfigurationPlatforms) = preSolution
		Debug|Any CPU = Debug|Any CPU
		Release|Any CPU = Release|Any CPU
	EndGlobalSection
	GlobalSection(ProjectConfigurationPlatforms) = postSolution
		{67312F9A-B8F9-4E4E-8167-6C0DDCF1A008}.Debug|Any CPU.ActiveCfg = Debug|Any CPU
		{67312F9A-B8F9-4E4E-8167-6C0DDCF1A008}.Debug|Any CPU.Build.0 = Debug|Any CPU
		{67312F9A-B8F9-4E4E-8167-6C0DDCF1A008}.Release|Any CPU.ActiveCfg = Release|Any CPU
		{67312F9A-B8F9-4E4E-8167-6C0DDCF1A008}.Release|Any CPU.Build.0 = Release|Any CPU
	EndGlobalSection
	GlobalSection(SolutionProperties) = preSolution
		HideSolutionNode = FALSE
	EndGlobalSection
	GlobalSection(ExtensibilityGlobals) = postSolution
		SolutionGuid = {D6DD82EA-3EF3-4549-96A5-3CA8FE051D75}
	EndGlobalSection
EndGlobal
